
Microsoft Visual Studio Solution File, Format Version 12.00
# Visual Studio Version 16
VisualStudioVersion = 16.0.29418.71
MinimumVisualStudioVersion = 15.0.26124.0
Project("{9A19103F-16F7-4668-BE54-9A1E7A4F7556}") = "Lecture09.Entities", "Lecture09.Entities\Lecture09.Entities.csproj", "{28566A80-7AC0-4BDF-89DA-79929B15BE07}"
EndProject
Project("{9A19103F-16F7-4668-BE54-9A1E7A4F7556}") = "Lecture09.Models", "Lecture09.Models\Lecture09.Models.csproj", "{34D2552C-577C-49A4-821D-A5965FC56409}"
EndProject
Project("{9A19103F-16F7-4668-BE54-9A1E7A4F7556}") = "Lecture09.Api", "Lecture09.Api\Lecture09.Api.csproj", "{6D606F02-45B7-4357-ADF4-8A75053A9F3B}"
EndProject
Project("{9A19103F-16F7-4668-BE54-9A1E7A4F7556}") = "Lecture09.WinForms", "Lecture09.WinForms\Lecture09.WinForms.csproj", "{163372DE-8203-455B-8ACB-6672E1982F1B}"
EndProject
Project("{9A19103F-16F7-4668-BE54-9A1E7A4F7556}") = "Lecture09.Wpf", "Lecture09.Wpf\Lecture09.Wpf.csproj", "{FACAC4AA-AA1C-455C-AB4E-762314545DE7}"
EndProject
Project("{FAE04EC0-301F-11D3-BF4B-00C04F79EFBC}") = "Lecture09.Shared", "Lecture09.Shared\Lecture09.Shared.csproj", "{04614F6B-B8CD-400E-AF3F-C4AD8881D9E0}"
EndProject
Project("{FAE04EC0-301F-11D3-BF4B-00C04F79EFBC}") = "Lecture09.Models.Tests", "Lecture09.Models.Tests\Lecture09.Models.Tests.csproj", "{CC16C3E7-3DCE-4B9C-BBE9-D9C37DBD5F95}"
EndProject
Global
	GlobalSection(SolutionConfigurationPlatforms) = preSolution
		Debug|Any CPU = Debug|Any CPU
		Debug|ARM = Debug|ARM
		Debug|ARM64 = Debug|ARM64
		Debug|iPhone = Debug|iPhone
		Debug|iPhoneSimulator = Debug|iPhoneSimulator
		Debug|x64 = Debug|x64
		Debug|x86 = Debug|x86
		Release|Any CPU = Release|Any CPU
		Release|ARM = Release|ARM
		Release|ARM64 = Release|ARM64
		Release|iPhone = Release|iPhone
		Release|iPhoneSimulator = Release|iPhoneSimulator
		Release|x64 = Release|x64
		Release|x86 = Release|x86
	EndGlobalSection
	GlobalSection(ProjectConfigurationPlatforms) = postSolution
		{28566A80-7AC0-4BDF-89DA-79929B15BE07}.Debug|Any CPU.ActiveCfg = Debug|Any CPU
		{28566A80-7AC0-4BDF-89DA-79929B15BE07}.Debug|Any CPU.Build.0 = Debug|Any CPU
		{28566A80-7AC0-4BDF-89DA-79929B15BE07}.Debug|ARM.ActiveCfg = Debug|Any CPU
		{28566A80-7AC0-4BDF-89DA-79929B15BE07}.Debug|ARM.Build.0 = Debug|Any CPU
		{28566A80-7AC0-4BDF-89DA-79929B15BE07}.Debug|ARM64.ActiveCfg = Debug|Any CPU
		{28566A80-7AC0-4BDF-89DA-79929B15BE07}.Debug|ARM64.Build.0 = Debug|Any CPU
		{28566A80-7AC0-4BDF-89DA-79929B15BE07}.Debug|iPhone.ActiveCfg = Debug|Any CPU
		{28566A80-7AC0-4BDF-89DA-79929B15BE07}.Debug|iPhone.Build.0 = Debug|Any CPU
		{28566A80-7AC0-4BDF-89DA-79929B15BE07}.Debug|iPhoneSimulator.ActiveCfg = Debug|Any CPU
		{28566A80-7AC0-4BDF-89DA-79929B15BE07}.Debug|iPhoneSimulator.Build.0 = Debug|Any CPU
		{28566A80-7AC0-4BDF-89DA-79929B15BE07}.Debug|x64.ActiveCfg = Debug|Any CPU
		{28566A80-7AC0-4BDF-89DA-79929B15BE07}.Debug|x64.Build.0 = Debug|Any CPU
		{28566A80-7AC0-4BDF-89DA-79929B15BE07}.Debug|x86.ActiveCfg = Debug|Any CPU
		{28566A80-7AC0-4BDF-89DA-79929B15BE07}.Debug|x86.Build.0 = Debug|Any CPU
		{28566A80-7AC0-4BDF-89DA-79929B15BE07}.Release|Any CPU.ActiveCfg = Release|Any CPU
		{28566A80-7AC0-4BDF-89DA-79929B15BE07}.Release|Any CPU.Build.0 = Release|Any CPU
		{28566A80-7AC0-4BDF-89DA-79929B15BE07}.Release|ARM.ActiveCfg = Release|Any CPU
		{28566A80-7AC0-4BDF-89DA-79929B15BE07}.Release|ARM.Build.0 = Release|Any CPU
		{28566A80-7AC0-4BDF-89DA-79929B15BE07}.Release|ARM64.ActiveCfg = Release|Any CPU
		{28566A80-7AC0-4BDF-89DA-79929B15BE07}.Release|ARM64.Build.0 = Release|Any CPU
		{28566A80-7AC0-4BDF-89DA-79929B15BE07}.Release|iPhone.ActiveCfg = Release|Any CPU
		{28566A80-7AC0-4BDF-89DA-79929B15BE07}.Release|iPhone.Build.0 = Release|Any CPU
		{28566A80-7AC0-4BDF-89DA-79929B15BE07}.Release|iPhoneSimulator.ActiveCfg = Release|Any CPU
		{28566A80-7AC0-4BDF-89DA-79929B15BE07}.Release|iPhoneSimulator.Build.0 = Release|Any CPU
		{28566A80-7AC0-4BDF-89DA-79929B15BE07}.Release|x64.ActiveCfg = Release|Any CPU
		{28566A80-7AC0-4BDF-89DA-79929B15BE07}.Release|x64.Build.0 = Release|Any CPU
		{28566A80-7AC0-4BDF-89DA-79929B15BE07}.Release|x86.ActiveCfg = Release|Any CPU
		{28566A80-7AC0-4BDF-89DA-79929B15BE07}.Release|x86.Build.0 = Release|Any CPU
		{34D2552C-577C-49A4-821D-A5965FC56409}.Debug|Any CPU.ActiveCfg = Debug|Any CPU
		{34D2552C-577C-49A4-821D-A5965FC56409}.Debug|Any CPU.Build.0 = Debug|Any CPU
		{34D2552C-577C-49A4-821D-A5965FC56409}.Debug|ARM.ActiveCfg = Debug|Any CPU
		{34D2552C-577C-49A4-821D-A5965FC56409}.Debug|ARM.Build.0 = Debug|Any CPU
		{34D2552C-577C-49A4-821D-A5965FC56409}.Debug|ARM64.ActiveCfg = Debug|Any CPU
		{34D2552C-577C-49A4-821D-A5965FC56409}.Debug|ARM64.Build.0 = Debug|Any CPU
		{34D2552C-577C-49A4-821D-A5965FC56409}.Debug|iPhone.ActiveCfg = Debug|Any CPU
		{34D2552C-577C-49A4-821D-A5965FC56409}.Debug|iPhone.Build.0 = Debug|Any CPU
		{34D2552C-577C-49A4-821D-A5965FC56409}.Debug|iPhoneSimulator.ActiveCfg = Debug|Any CPU
		{34D2552C-577C-49A4-821D-A5965FC56409}.Debug|iPhoneSimulator.Build.0 = Debug|Any CPU
		{34D2552C-577C-49A4-821D-A5965FC56409}.Debug|x64.ActiveCfg = Debug|Any CPU
		{34D2552C-577C-49A4-821D-A5965FC56409}.Debug|x64.Build.0 = Debug|Any CPU
		{34D2552C-577C-49A4-821D-A5965FC56409}.Debug|x86.ActiveCfg = Debug|Any CPU
		{34D2552C-577C-49A4-821D-A5965FC56409}.Debug|x86.Build.0 = Debug|Any CPU
		{34D2552C-577C-49A4-821D-A5965FC56409}.Release|Any CPU.ActiveCfg = Release|Any CPU
		{34D2552C-577C-49A4-821D-A5965FC56409}.Release|Any CPU.Build.0 = Release|Any CPU
		{34D2552C-577C-49A4-821D-A5965FC56409}.Release|ARM.ActiveCfg = Release|Any CPU
		{34D2552C-577C-49A4-821D-A5965FC56409}.Release|ARM.Build.0 = Release|Any CPU
		{34D2552C-577C-49A4-821D-A5965FC56409}.Release|ARM64.ActiveCfg = Release|Any CPU
		{34D2552C-577C-49A4-821D-A5965FC56409}.Release|ARM64.Build.0 = Release|Any CPU
		{34D2552C-577C-49A4-821D-A5965FC56409}.Release|iPhone.ActiveCfg = Release|Any CPU
		{34D2552C-577C-49A4-821D-A5965FC56409}.Release|iPhone.Build.0 = Release|Any CPU
		{34D2552C-577C-49A4-821D-A5965FC56409}.Release|iPhoneSimulator.ActiveCfg = Release|Any CPU
		{34D2552C-577C-49A4-821D-A5965FC56409}.Release|iPhoneSimulator.Build.0 = Release|Any CPU
		{34D2552C-577C-49A4-821D-A5965FC56409}.Release|x64.ActiveCfg = Release|Any CPU
		{34D2552C-577C-49A4-821D-A5965FC56409}.Release|x64.Build.0 = Release|Any CPU
		{34D2552C-577C-49A4-821D-A5965FC56409}.Release|x86.ActiveCfg = Release|Any CPU
		{34D2552C-577C-49A4-821D-A5965FC56409}.Release|x86.Build.0 = Release|Any CPU
		{6D606F02-45B7-4357-ADF4-8A75053A9F3B}.Debug|Any CPU.ActiveCfg = Debug|Any CPU
		{6D606F02-45B7-4357-ADF4-8A75053A9F3B}.Debug|Any CPU.Build.0 = Debug|Any CPU
		{6D606F02-45B7-4357-ADF4-8A75053A9F3B}.Debug|ARM.ActiveCfg = Debug|Any CPU
		{6D606F02-45B7-4357-ADF4-8A75053A9F3B}.Debug|ARM.Build.0 = Debug|Any CPU
		{6D606F02-45B7-4357-ADF4-8A75053A9F3B}.Debug|ARM64.ActiveCfg = Debug|Any CPU
		{6D606F02-45B7-4357-ADF4-8A75053A9F3B}.Debug|ARM64.Build.0 = Debug|Any CPU
		{6D606F02-45B7-4357-ADF4-8A75053A9F3B}.Debug|iPhone.ActiveCfg = Debug|Any CPU
		{6D606F02-45B7-4357-ADF4-8A75053A9F3B}.Debug|iPhone.Build.0 = Debug|Any CPU
		{6D606F02-45B7-4357-ADF4-8A75053A9F3B}.Debug|iPhoneSimulator.ActiveCfg = Debug|Any CPU
		{6D606F02-45B7-4357-ADF4-8A75053A9F3B}.Debug|iPhoneSimulator.Build.0 = Debug|Any CPU
		{6D606F02-45B7-4357-ADF4-8A75053A9F3B}.Debug|x64.ActiveCfg = Debug|Any CPU
		{6D606F02-45B7-4357-ADF4-8A75053A9F3B}.Debug|x64.Build.0 = Debug|Any CPU
		{6D606F02-45B7-4357-ADF4-8A75053A9F3B}.Debug|x86.ActiveCfg = Debug|Any CPU
		{6D606F02-45B7-4357-ADF4-8A75053A9F3B}.Debug|x86.Build.0 = Debug|Any CPU
		{6D606F02-45B7-4357-ADF4-8A75053A9F3B}.Release|Any CPU.ActiveCfg = Release|Any CPU
		{6D606F02-45B7-4357-ADF4-8A75053A9F3B}.Release|Any CPU.Build.0 = Release|Any CPU
		{6D606F02-45B7-4357-ADF4-8A75053A9F3B}.Release|ARM.ActiveCfg = Release|Any CPU
		{6D606F02-45B7-4357-ADF4-8A75053A9F3B}.Release|ARM.Build.0 = Release|Any CPU
		{6D606F02-45B7-4357-ADF4-8A75053A9F3B}.Release|ARM64.ActiveCfg = Release|Any CPU
		{6D606F02-45B7-4357-ADF4-8A75053A9F3B}.Release|ARM64.Build.0 = Release|Any CPU
		{6D606F02-45B7-4357-ADF4-8A75053A9F3B}.Release|iPhone.ActiveCfg = Release|Any CPU
		{6D606F02-45B7-4357-ADF4-8A75053A9F3B}.Release|iPhone.Build.0 = Release|Any CPU
		{6D606F02-45B7-4357-ADF4-8A75053A9F3B}.Release|iPhoneSimulator.ActiveCfg = Release|Any CPU
		{6D606F02-45B7-4357-ADF4-8A75053A9F3B}.Release|iPhoneSimulator.Build.0 = Release|Any CPU
		{6D606F02-45B7-4357-ADF4-8A75053A9F3B}.Release|x64.ActiveCfg = Release|Any CPU
		{6D606F02-45B7-4357-ADF4-8A75053A9F3B}.Release|x64.Build.0 = Release|Any CPU
		{6D606F02-45B7-4357-ADF4-8A75053A9F3B}.Release|x86.ActiveCfg = Release|Any CPU
		{6D606F02-45B7-4357-ADF4-8A75053A9F3B}.Release|x86.Build.0 = Release|Any CPU
		{163372DE-8203-455B-8ACB-6672E1982F1B}.Debug|Any CPU.ActiveCfg = Debug|Any CPU
		{163372DE-8203-455B-8ACB-6672E1982F1B}.Debug|Any CPU.Build.0 = Debug|Any CPU
		{163372DE-8203-455B-8ACB-6672E1982F1B}.Debug|ARM.ActiveCfg = Debug|Any CPU
		{163372DE-8203-455B-8ACB-6672E1982F1B}.Debug|ARM.Build.0 = Debug|Any CPU
		{163372DE-8203-455B-8ACB-6672E1982F1B}.Debug|ARM64.ActiveCfg = Debug|Any CPU
		{163372DE-8203-455B-8ACB-6672E1982F1B}.Debug|ARM64.Build.0 = Debug|Any CPU
		{163372DE-8203-455B-8ACB-6672E1982F1B}.Debug|iPhone.ActiveCfg = Debug|Any CPU
		{163372DE-8203-455B-8ACB-6672E1982F1B}.Debug|iPhone.Build.0 = Debug|Any CPU
		{163372DE-8203-455B-8ACB-6672E1982F1B}.Debug|iPhoneSimulator.ActiveCfg = Debug|Any CPU
		{163372DE-8203-455B-8ACB-6672E1982F1B}.Debug|iPhoneSimulator.Build.0 = Debug|Any CPU
		{163372DE-8203-455B-8ACB-6672E1982F1B}.Debug|x64.ActiveCfg = Debug|Any CPU
		{163372DE-8203-455B-8ACB-6672E1982F1B}.Debug|x64.Build.0 = Debug|Any CPU
		{163372DE-8203-455B-8ACB-6672E1982F1B}.Debug|x86.ActiveCfg = Debug|Any CPU
		{163372DE-8203-455B-8ACB-6672E1982F1B}.Debug|x86.Build.0 = Debug|Any CPU
		{163372DE-8203-455B-8ACB-6672E1982F1B}.Release|Any CPU.ActiveCfg = Release|Any CPU
		{163372DE-8203-455B-8ACB-6672E1982F1B}.Release|Any CPU.Build.0 = Release|Any CPU
		{163372DE-8203-455B-8ACB-6672E1982F1B}.Release|ARM.ActiveCfg = Release|Any CPU
		{163372DE-8203-455B-8ACB-6672E1982F1B}.Release|ARM.Build.0 = Release|Any CPU
		{163372DE-8203-455B-8ACB-6672E1982F1B}.Release|ARM64.ActiveCfg = Release|Any CPU
		{163372DE-8203-455B-8ACB-6672E1982F1B}.Release|ARM64.Build.0 = Release|Any CPU
		{163372DE-8203-455B-8ACB-6672E1982F1B}.Release|iPhone.ActiveCfg = Release|Any CPU
		{163372DE-8203-455B-8ACB-6672E1982F1B}.Release|iPhone.Build.0 = Release|Any CPU
		{163372DE-8203-455B-8ACB-6672E1982F1B}.Release|iPhoneSimulator.ActiveCfg = Release|Any CPU
		{163372DE-8203-455B-8ACB-6672E1982F1B}.Release|iPhoneSimulator.Build.0 = Release|Any CPU
		{163372DE-8203-455B-8ACB-6672E1982F1B}.Release|x64.ActiveCfg = Release|Any CPU
		{163372DE-8203-455B-8ACB-6672E1982F1B}.Release|x64.Build.0 = Release|Any CPU
		{163372DE-8203-455B-8ACB-6672E1982F1B}.Release|x86.ActiveCfg = Release|Any CPU
		{163372DE-8203-455B-8ACB-6672E1982F1B}.Release|x86.Build.0 = Release|Any CPU
		{FACAC4AA-AA1C-455C-AB4E-762314545DE7}.Debug|Any CPU.ActiveCfg = Debug|Any CPU
		{FACAC4AA-AA1C-455C-AB4E-762314545DE7}.Debug|Any CPU.Build.0 = Debug|Any CPU
		{FACAC4AA-AA1C-455C-AB4E-762314545DE7}.Debug|ARM.ActiveCfg = Debug|Any CPU
		{FACAC4AA-AA1C-455C-AB4E-762314545DE7}.Debug|ARM.Build.0 = Debug|Any CPU
		{FACAC4AA-AA1C-455C-AB4E-762314545DE7}.Debug|ARM64.ActiveCfg = Debug|Any CPU
		{FACAC4AA-AA1C-455C-AB4E-762314545DE7}.Debug|ARM64.Build.0 = Debug|Any CPU
		{FACAC4AA-AA1C-455C-AB4E-762314545DE7}.Debug|iPhone.ActiveCfg = Debug|Any CPU
		{FACAC4AA-AA1C-455C-AB4E-762314545DE7}.Debug|iPhone.Build.0 = Debug|Any CPU
		{FACAC4AA-AA1C-455C-AB4E-762314545DE7}.Debug|iPhoneSimulator.ActiveCfg = Debug|Any CPU
		{FACAC4AA-AA1C-455C-AB4E-762314545DE7}.Debug|iPhoneSimulator.Build.0 = Debug|Any CPU
		{FACAC4AA-AA1C-455C-AB4E-762314545DE7}.Debug|x64.ActiveCfg = Debug|Any CPU
		{FACAC4AA-AA1C-455C-AB4E-762314545DE7}.Debug|x64.Build.0 = Debug|Any CPU
		{FACAC4AA-AA1C-455C-AB4E-762314545DE7}.Debug|x86.ActiveCfg = Debug|Any CPU
		{FACAC4AA-AA1C-455C-AB4E-762314545DE7}.Debug|x86.Build.0 = Debug|Any CPU
		{FACAC4AA-AA1C-455C-AB4E-762314545DE7}.Release|Any CPU.ActiveCfg = Release|Any CPU
		{FACAC4AA-AA1C-455C-AB4E-762314545DE7}.Release|Any CPU.Build.0 = Release|Any CPU
		{FACAC4AA-AA1C-455C-AB4E-762314545DE7}.Release|ARM.ActiveCfg = Release|Any CPU
		{FACAC4AA-AA1C-455C-AB4E-762314545DE7}.Release|ARM.Build.0 = Release|Any CPU
		{FACAC4AA-AA1C-455C-AB4E-762314545DE7}.Release|ARM64.ActiveCfg = Release|Any CPU
		{FACAC4AA-AA1C-455C-AB4E-762314545DE7}.Release|ARM64.Build.0 = Release|Any CPU
		{FACAC4AA-AA1C-455C-AB4E-762314545DE7}.Release|iPhone.ActiveCfg = Release|Any CPU
		{FACAC4AA-AA1C-455C-AB4E-762314545DE7}.Release|iPhone.Build.0 = Release|Any CPU
		{FACAC4AA-AA1C-455C-AB4E-762314545DE7}.Release|iPhoneSimulator.ActiveCfg = Release|Any CPU
		{FACAC4AA-AA1C-455C-AB4E-762314545DE7}.Release|iPhoneSimulator.Build.0 = Release|Any CPU
		{FACAC4AA-AA1C-455C-AB4E-762314545DE7}.Release|x64.ActiveCfg = Release|Any CPU
		{FACAC4AA-AA1C-455C-AB4E-762314545DE7}.Release|x64.Build.0 = Release|Any CPU
		{FACAC4AA-AA1C-455C-AB4E-762314545DE7}.Release|x86.ActiveCfg = Release|Any CPU
		{FACAC4AA-AA1C-455C-AB4E-762314545DE7}.Release|x86.Build.0 = Release|Any CPU
		{04614F6B-B8CD-400E-AF3F-C4AD8881D9E0}.Debug|Any CPU.ActiveCfg = Debug|Any CPU
		{04614F6B-B8CD-400E-AF3F-C4AD8881D9E0}.Debug|Any CPU.Build.0 = Debug|Any CPU
		{04614F6B-B8CD-400E-AF3F-C4AD8881D9E0}.Debug|ARM.ActiveCfg = Debug|Any CPU
		{04614F6B-B8CD-400E-AF3F-C4AD8881D9E0}.Debug|ARM.Build.0 = Debug|Any CPU
		{04614F6B-B8CD-400E-AF3F-C4AD8881D9E0}.Debug|ARM64.ActiveCfg = Debug|Any CPU
		{04614F6B-B8CD-400E-AF3F-C4AD8881D9E0}.Debug|ARM64.Build.0 = Debug|Any CPU
		{04614F6B-B8CD-400E-AF3F-C4AD8881D9E0}.Debug|iPhone.ActiveCfg = Debug|Any CPU
		{04614F6B-B8CD-400E-AF3F-C4AD8881D9E0}.Debug|iPhone.Build.0 = Debug|Any CPU
		{04614F6B-B8CD-400E-AF3F-C4AD8881D9E0}.Debug|iPhoneSimulator.ActiveCfg = Debug|Any CPU
		{04614F6B-B8CD-400E-AF3F-C4AD8881D9E0}.Debug|iPhoneSimulator.Build.0 = Debug|Any CPU
		{04614F6B-B8CD-400E-AF3F-C4AD8881D9E0}.Debug|x64.ActiveCfg = Debug|Any CPU
		{04614F6B-B8CD-400E-AF3F-C4AD8881D9E0}.Debug|x64.Build.0 = Debug|Any CPU
		{04614F6B-B8CD-400E-AF3F-C4AD8881D9E0}.Debug|x86.ActiveCfg = Debug|Any CPU
		{04614F6B-B8CD-400E-AF3F-C4AD8881D9E0}.Debug|x86.Build.0 = Debug|Any CPU
		{04614F6B-B8CD-400E-AF3F-C4AD8881D9E0}.Release|Any CPU.ActiveCfg = Release|Any CPU
		{04614F6B-B8CD-400E-AF3F-C4AD8881D9E0}.Release|Any CPU.Build.0 = Release|Any CPU
		{04614F6B-B8CD-400E-AF3F-C4AD8881D9E0}.Release|ARM.ActiveCfg = Release|Any CPU
		{04614F6B-B8CD-400E-AF3F-C4AD8881D9E0}.Release|ARM.Build.0 = Release|Any CPU
		{04614F6B-B8CD-400E-AF3F-C4AD8881D9E0}.Release|ARM64.ActiveCfg = Release|Any CPU
		{04614F6B-B8CD-400E-AF3F-C4AD8881D9E0}.Release|ARM64.Build.0 = Release|Any CPU
		{04614F6B-B8CD-400E-AF3F-C4AD8881D9E0}.Release|iPhone.ActiveCfg = Release|Any CPU
		{04614F6B-B8CD-400E-AF3F-C4AD8881D9E0}.Release|iPhone.Build.0 = Release|Any CPU
		{04614F6B-B8CD-400E-AF3F-C4AD8881D9E0}.Release|iPhoneSimulator.ActiveCfg = Release|Any CPU
		{04614F6B-B8CD-400E-AF3F-C4AD8881D9E0}.Release|iPhoneSimulator.Build.0 = Release|Any CPU
		{04614F6B-B8CD-400E-AF3F-C4AD8881D9E0}.Release|x64.ActiveCfg = Release|Any CPU
		{04614F6B-B8CD-400E-AF3F-C4AD8881D9E0}.Release|x64.Build.0 = Release|Any CPU
		{04614F6B-B8CD-400E-AF3F-C4AD8881D9E0}.Release|x86.ActiveCfg = Release|Any CPU
		{04614F6B-B8CD-400E-AF3F-C4AD8881D9E0}.Release|x86.Build.0 = Release|Any CPU
		{CC16C3E7-3DCE-4B9C-BBE9-D9C37DBD5F95}.Debug|Any CPU.ActiveCfg = Debug|Any CPU
		{CC16C3E7-3DCE-4B9C-BBE9-D9C37DBD5F95}.Debug|Any CPU.Build.0 = Debug|Any CPU
		{CC16C3E7-3DCE-4B9C-BBE9-D9C37DBD5F95}.Debug|ARM.ActiveCfg = Debug|Any CPU
		{CC16C3E7-3DCE-4B9C-BBE9-D9C37DBD5F95}.Debug|ARM.Build.0 = Debug|Any CPU
		{CC16C3E7-3DCE-4B9C-BBE9-D9C37DBD5F95}.Debug|ARM64.ActiveCfg = Debug|Any CPU
		{CC16C3E7-3DCE-4B9C-BBE9-D9C37DBD5F95}.Debug|ARM64.Build.0 = Debug|Any CPU
		{CC16C3E7-3DCE-4B9C-BBE9-D9C37DBD5F95}.Debug|iPhone.ActiveCfg = Debug|Any CPU
		{CC16C3E7-3DCE-4B9C-BBE9-D9C37DBD5F95}.Debug|iPhone.Build.0 = Debug|Any CPU
		{CC16C3E7-3DCE-4B9C-BBE9-D9C37DBD5F95}.Debug|iPhoneSimulator.ActiveCfg = Debug|Any CPU
		{CC16C3E7-3DCE-4B9C-BBE9-D9C37DBD5F95}.Debug|iPhoneSimulator.Build.0 = Debug|Any CPU
		{CC16C3E7-3DCE-4B9C-BBE9-D9C37DBD5F95}.Debug|x64.ActiveCfg = Debug|Any CPU
		{CC16C3E7-3DCE-4B9C-BBE9-D9C37DBD5F95}.Debug|x64.Build.0 = Debug|Any CPU
		{CC16C3E7-3DCE-4B9C-BBE9-D9C37DBD5F95}.Debug|x86.ActiveCfg = Debug|Any CPU
		{CC16C3E7-3DCE-4B9C-BBE9-D9C37DBD5F95}.Debug|x86.Build.0 = Debug|Any CPU
		{CC16C3E7-3DCE-4B9C-BBE9-D9C37DBD5F95}.Release|Any CPU.ActiveCfg = Release|Any CPU
		{CC16C3E7-3DCE-4B9C-BBE9-D9C37DBD5F95}.Release|Any CPU.Build.0 = Release|Any CPU
		{CC16C3E7-3DCE-4B9C-BBE9-D9C37DBD5F95}.Release|ARM.ActiveCfg = Release|Any CPU
		{CC16C3E7-3DCE-4B9C-BBE9-D9C37DBD5F95}.Release|ARM.Build.0 = Release|Any CPU
		{CC16C3E7-3DCE-4B9C-BBE9-D9C37DBD5F95}.Release|ARM64.ActiveCfg = Release|Any CPU
		{CC16C3E7-3DCE-4B9C-BBE9-D9C37DBD5F95}.Release|ARM64.Build.0 = Release|Any CPU
		{CC16C3E7-3DCE-4B9C-BBE9-D9C37DBD5F95}.Release|iPhone.ActiveCfg = Release|Any CPU
		{CC16C3E7-3DCE-4B9C-BBE9-D9C37DBD5F95}.Release|iPhone.Build.0 = Release|Any CPU
		{CC16C3E7-3DCE-4B9C-BBE9-D9C37DBD5F95}.Release|iPhoneSimulator.ActiveCfg = Release|Any CPU
		{CC16C3E7-3DCE-4B9C-BBE9-D9C37DBD5F95}.Release|iPhoneSimulator.Build.0 = Release|Any CPU
		{CC16C3E7-3DCE-4B9C-BBE9-D9C37DBD5F95}.Release|x64.ActiveCfg = Release|Any CPU
		{CC16C3E7-3DCE-4B9C-BBE9-D9C37DBD5F95}.Release|x64.Build.0 = Release|Any CPU
		{CC16C3E7-3DCE-4B9C-BBE9-D9C37DBD5F95}.Release|x86.ActiveCfg = Release|Any CPU
		{CC16C3E7-3DCE-4B9C-BBE9-D9C37DBD5F95}.Release|x86.Build.0 = Release|Any CPU
	EndGlobalSection
	GlobalSection(SolutionProperties) = preSolution
		HideSolutionNode = FALSE
	EndGlobalSection
	GlobalSection(ExtensibilityGlobals) = postSolution
		SolutionGuid = {E5CB835B-1851-453C-822F-16FD0B056A5F}
	EndGlobalSection
EndGlobal
