
Microsoft Visual Studio Solution File, Format Version 12.00
# Visual Studio Version 16
VisualStudioVersion = 16.0.29418.71
MinimumVisualStudioVersion = 15.0.26124.0
Project("{9A19103F-16F7-4668-BE54-9A1E7A4F7556}") = "Lecture09.Entities", "Lecture09.Entities\Lecture09.Entities.csproj", "{28566A80-7AC0-4BDF-89DA-79929B15BE07}"
EndProject
Project("{9A19103F-16F7-4668-BE54-9A1E7A4F7556}") = "Lecture09.Models", "Lecture09.Models\Lecture09.Models.csproj", "{34D2552C-577C-49A4-821D-A5965FC56409}"
EndProject
Project("{9A19103F-16F7-4668-BE54-9A1E7A4F7556}") = "Lecture09.Api", "Lecture09.Api\Lecture09.Api.csproj", "{6D606F02-45B7-4357-ADF4-8A75053A9F3B}"
EndProject
Global
	GlobalSection(SolutionConfigurationPlatforms) = preSolution
		Debug|Any CPU = Debug|Any CPU
		Debug|ARM = Debug|ARM
		Debug|ARM64 = Debug|ARM64
		Debug|x64 = Debug|x64
		Debug|x86 = Debug|x86
		Release|Any CPU = Release|Any CPU
		Release|ARM = Release|ARM
		Release|ARM64 = Release|ARM64
		Release|x64 = Release|x64
		Release|x86 = Release|x86
	EndGlobalSection
	GlobalSection(ProjectConfigurationPlatforms) = postSolution
		{28566A80-7AC0-4BDF-89DA-79929B15BE07}.Debug|Any CPU.ActiveCfg = Debug|Any CPU
		{28566A80-7AC0-4BDF-89DA-79929B15BE07}.Debug|Any CPU.Build.0 = Debug|Any CPU
		{28566A80-7AC0-4BDF-89DA-79929B15BE07}.Debug|ARM.ActiveCfg = Debug|Any CPU
		{28566A80-7AC0-4BDF-89DA-79929B15BE07}.Debug|ARM.Build.0 = Debug|Any CPU
		{28566A80-7AC0-4BDF-89DA-79929B15BE07}.Debug|ARM64.ActiveCfg = Debug|Any CPU
		{28566A80-7AC0-4BDF-89DA-79929B15BE07}.Debug|ARM64.Build.0 = Debug|Any CPU
		{28566A80-7AC0-4BDF-89DA-79929B15BE07}.Debug|x64.ActiveCfg = Debug|Any CPU
		{28566A80-7AC0-4BDF-89DA-79929B15BE07}.Debug|x64.Build.0 = Debug|Any CPU
		{28566A80-7AC0-4BDF-89DA-79929B15BE07}.Debug|x86.ActiveCfg = Debug|Any CPU
		{28566A80-7AC0-4BDF-89DA-79929B15BE07}.Debug|x86.Build.0 = Debug|Any CPU
		{28566A80-7AC0-4BDF-89DA-79929B15BE07}.Release|Any CPU.ActiveCfg = Release|Any CPU
		{28566A80-7AC0-4BDF-89DA-79929B15BE07}.Release|Any CPU.Build.0 = Release|Any CPU
		{28566A80-7AC0-4BDF-89DA-79929B15BE07}.Release|ARM.ActiveCfg = Release|Any CPU
		{28566A80-7AC0-4BDF-89DA-79929B15BE07}.Release|ARM.Build.0 = Release|Any CPU
		{28566A80-7AC0-4BDF-89DA-79929B15BE07}.Release|ARM64.ActiveCfg = Release|Any CPU
		{28566A80-7AC0-4BDF-89DA-79929B15BE07}.Release|ARM64.Build.0 = Release|Any CPU
		{28566A80-7AC0-4BDF-89DA-79929B15BE07}.Release|x64.ActiveCfg = Release|Any CPU
		{28566A80-7AC0-4BDF-89DA-79929B15BE07}.Release|x64.Build.0 = Release|Any CPU
		{28566A80-7AC0-4BDF-89DA-79929B15BE07}.Release|x86.ActiveCfg = Release|Any CPU
		{28566A80-7AC0-4BDF-89DA-79929B15BE07}.Release|x86.Build.0 = Release|Any CPU
		{34D2552C-577C-49A4-821D-A5965FC56409}.Debug|Any CPU.ActiveCfg = Debug|Any CPU
		{34D2552C-577C-49A4-821D-A5965FC56409}.Debug|Any CPU.Build.0 = Debug|Any CPU
		{34D2552C-577C-49A4-821D-A5965FC56409}.Debug|ARM.ActiveCfg = Debug|Any CPU
		{34D2552C-577C-49A4-821D-A5965FC56409}.Debug|ARM.Build.0 = Debug|Any CPU
		{34D2552C-577C-49A4-821D-A5965FC56409}.Debug|ARM64.ActiveCfg = Debug|Any CPU
		{34D2552C-577C-49A4-821D-A5965FC56409}.Debug|ARM64.Build.0 = Debug|Any CPU
		{34D2552C-577C-49A4-821D-A5965FC56409}.Debug|x64.ActiveCfg = Debug|Any CPU
		{34D2552C-577C-49A4-821D-A5965FC56409}.Debug|x64.Build.0 = Debug|Any CPU
		{34D2552C-577C-49A4-821D-A5965FC56409}.Debug|x86.ActiveCfg = Debug|Any CPU
		{34D2552C-577C-49A4-821D-A5965FC56409}.Debug|x86.Build.0 = Debug|Any CPU
		{34D2552C-577C-49A4-821D-A5965FC56409}.Release|Any CPU.ActiveCfg = Release|Any CPU
		{34D2552C-577C-49A4-821D-A5965FC56409}.Release|Any CPU.Build.0 = Release|Any CPU
		{34D2552C-577C-49A4-821D-A5965FC56409}.Release|ARM.ActiveCfg = Release|Any CPU
		{34D2552C-577C-49A4-821D-A5965FC56409}.Release|ARM.Build.0 = Release|Any CPU
		{34D2552C-577C-49A4-821D-A5965FC56409}.Release|ARM64.ActiveCfg = Release|Any CPU
		{34D2552C-577C-49A4-821D-A5965FC56409}.Release|ARM64.Build.0 = Release|Any CPU
		{34D2552C-577C-49A4-821D-A5965FC56409}.Release|x64.ActiveCfg = Release|Any CPU
		{34D2552C-577C-49A4-821D-A5965FC56409}.Release|x64.Build.0 = Release|Any CPU
		{34D2552C-577C-49A4-821D-A5965FC56409}.Release|x86.ActiveCfg = Release|Any CPU
		{34D2552C-577C-49A4-821D-A5965FC56409}.Release|x86.Build.0 = Release|Any CPU
		{6D606F02-45B7-4357-ADF4-8A75053A9F3B}.Debug|Any CPU.ActiveCfg = Debug|Any CPU
		{6D606F02-45B7-4357-ADF4-8A75053A9F3B}.Debug|Any CPU.Build.0 = Debug|Any CPU
		{6D606F02-45B7-4357-ADF4-8A75053A9F3B}.Debug|ARM.ActiveCfg = Debug|Any CPU
		{6D606F02-45B7-4357-ADF4-8A75053A9F3B}.Debug|ARM.Build.0 = Debug|Any CPU
		{6D606F02-45B7-4357-ADF4-8A75053A9F3B}.Debug|ARM64.ActiveCfg = Debug|Any CPU
		{6D606F02-45B7-4357-ADF4-8A75053A9F3B}.Debug|ARM64.Build.0 = Debug|Any CPU
		{6D606F02-45B7-4357-ADF4-8A75053A9F3B}.Debug|x64.ActiveCfg = Debug|Any CPU
		{6D606F02-45B7-4357-ADF4-8A75053A9F3B}.Debug|x64.Build.0 = Debug|Any CPU
		{6D606F02-45B7-4357-ADF4-8A75053A9F3B}.Debug|x86.ActiveCfg = Debug|Any CPU
		{6D606F02-45B7-4357-ADF4-8A75053A9F3B}.Debug|x86.Build.0 = Debug|Any CPU
		{6D606F02-45B7-4357-ADF4-8A75053A9F3B}.Release|Any CPU.ActiveCfg = Release|Any CPU
		{6D606F02-45B7-4357-ADF4-8A75053A9F3B}.Release|Any CPU.Build.0 = Release|Any CPU
		{6D606F02-45B7-4357-ADF4-8A75053A9F3B}.Release|ARM.ActiveCfg = Release|Any CPU
		{6D606F02-45B7-4357-ADF4-8A75053A9F3B}.Release|ARM.Build.0 = Release|Any CPU
		{6D606F02-45B7-4357-ADF4-8A75053A9F3B}.Release|ARM64.ActiveCfg = Release|Any CPU
		{6D606F02-45B7-4357-ADF4-8A75053A9F3B}.Release|ARM64.Build.0 = Release|Any CPU
		{6D606F02-45B7-4357-ADF4-8A75053A9F3B}.Release|x64.ActiveCfg = Release|Any CPU
		{6D606F02-45B7-4357-ADF4-8A75053A9F3B}.Release|x64.Build.0 = Release|Any CPU
		{6D606F02-45B7-4357-ADF4-8A75053A9F3B}.Release|x86.ActiveCfg = Release|Any CPU
		{6D606F02-45B7-4357-ADF4-8A75053A9F3B}.Release|x86.Build.0 = Release|Any CPU
	EndGlobalSection
	GlobalSection(SolutionProperties) = preSolution
		HideSolutionNode = FALSE
	EndGlobalSection
	GlobalSection(ExtensibilityGlobals) = postSolution
		SolutionGuid = {E5CB835B-1851-453C-822F-16FD0B056A5F}
	EndGlobalSection
EndGlobal
