
Microsoft Visual Studio Solution File, Format Version 12.00
# Visual Studio 15
VisualStudioVersion = 15.0.26124.0
MinimumVisualStudioVersion = 15.0.26124.0
Project("{2150E333-8FDC-42A3-9474-1A3956D46DE8}") = "Lecture01", "Lecture01", "{ADEE107D-675A-411E-8056-AE4E3A1D65C1}"
EndProject
Project("{FAE04EC0-301F-11D3-BF4B-00C04F79EFBC}") = "Lecture01", "Lecture01\Lecture01\Lecture01.csproj", "{113A8DEF-B578-4202-9F83-B63573F07E4A}"
EndProject
Project("{FAE04EC0-301F-11D3-BF4B-00C04F79EFBC}") = "Lecture01.Tests", "Lecture01\Lecture01.Tests\Lecture01.Tests.csproj", "{67EBF531-4A98-49B2-BC51-4611FB8F2FE9}"
EndProject
Project("{2150E333-8FDC-42A3-9474-1A3956D46DE8}") = "Lecture02", "Lecture02", "{8AAF769A-A294-4ED5-838A-61CDE385802C}"
EndProject
Project("{FAE04EC0-301F-11D3-BF4B-00C04F79EFBC}") = "Lecture02", "Lecture02\Lecture02\Lecture02.csproj", "{27E51DE8-7937-43A6-B014-A35A067158FF}"
EndProject
Project("{FAE04EC0-301F-11D3-BF4B-00C04F79EFBC}") = "Lecture02.Tests", "Lecture02\Lecture02.Tests\Lecture02.Tests.csproj", "{33A493F6-883D-4CB0-A27F-3B05A5096F33}"
EndProject
Project("{2150E333-8FDC-42A3-9474-1A3956D46DE8}") = "Lecture03", "Lecture03", "{4FECB774-17A1-4B44-B6DB-EE14791581B0}"
EndProject
Project("{FAE04EC0-301F-11D3-BF4B-00C04F79EFBC}") = "Lecture03", "Lecture03\Lecture03\Lecture03.csproj", "{DBDE15C1-A262-446B-8EA3-51D6CEC54A9D}"
EndProject
Project("{FAE04EC0-301F-11D3-BF4B-00C04F79EFBC}") = "Lecture03.Tests", "Lecture03\Lecture03.Tests\Lecture03.Tests.csproj", "{6A824717-2755-4BDD-A994-CAFE648E8E4E}"
EndProject
Global
	GlobalSection(SolutionConfigurationPlatforms) = preSolution
		Debug|Any CPU = Debug|Any CPU
		Debug|x64 = Debug|x64
		Debug|x86 = Debug|x86
		Release|Any CPU = Release|Any CPU
		Release|x64 = Release|x64
		Release|x86 = Release|x86
	EndGlobalSection
	GlobalSection(SolutionProperties) = preSolution
		HideSolutionNode = FALSE
	EndGlobalSection
	GlobalSection(ProjectConfigurationPlatforms) = postSolution
		{113A8DEF-B578-4202-9F83-B63573F07E4A}.Debug|Any CPU.ActiveCfg = Debug|Any CPU
		{113A8DEF-B578-4202-9F83-B63573F07E4A}.Debug|Any CPU.Build.0 = Debug|Any CPU
		{113A8DEF-B578-4202-9F83-B63573F07E4A}.Debug|x64.ActiveCfg = Debug|Any CPU
		{113A8DEF-B578-4202-9F83-B63573F07E4A}.Debug|x64.Build.0 = Debug|Any CPU
		{113A8DEF-B578-4202-9F83-B63573F07E4A}.Debug|x86.ActiveCfg = Debug|Any CPU
		{113A8DEF-B578-4202-9F83-B63573F07E4A}.Debug|x86.Build.0 = Debug|Any CPU
		{113A8DEF-B578-4202-9F83-B63573F07E4A}.Release|Any CPU.ActiveCfg = Release|Any CPU
		{113A8DEF-B578-4202-9F83-B63573F07E4A}.Release|Any CPU.Build.0 = Release|Any CPU
		{113A8DEF-B578-4202-9F83-B63573F07E4A}.Release|x64.ActiveCfg = Release|Any CPU
		{113A8DEF-B578-4202-9F83-B63573F07E4A}.Release|x64.Build.0 = Release|Any CPU
		{113A8DEF-B578-4202-9F83-B63573F07E4A}.Release|x86.ActiveCfg = Release|Any CPU
		{113A8DEF-B578-4202-9F83-B63573F07E4A}.Release|x86.Build.0 = Release|Any CPU
		{67EBF531-4A98-49B2-BC51-4611FB8F2FE9}.Debug|Any CPU.ActiveCfg = Debug|Any CPU
		{67EBF531-4A98-49B2-BC51-4611FB8F2FE9}.Debug|Any CPU.Build.0 = Debug|Any CPU
		{67EBF531-4A98-49B2-BC51-4611FB8F2FE9}.Debug|x64.ActiveCfg = Debug|Any CPU
		{67EBF531-4A98-49B2-BC51-4611FB8F2FE9}.Debug|x64.Build.0 = Debug|Any CPU
		{67EBF531-4A98-49B2-BC51-4611FB8F2FE9}.Debug|x86.ActiveCfg = Debug|Any CPU
		{67EBF531-4A98-49B2-BC51-4611FB8F2FE9}.Debug|x86.Build.0 = Debug|Any CPU
		{67EBF531-4A98-49B2-BC51-4611FB8F2FE9}.Release|Any CPU.ActiveCfg = Release|Any CPU
		{67EBF531-4A98-49B2-BC51-4611FB8F2FE9}.Release|Any CPU.Build.0 = Release|Any CPU
		{67EBF531-4A98-49B2-BC51-4611FB8F2FE9}.Release|x64.ActiveCfg = Release|Any CPU
		{67EBF531-4A98-49B2-BC51-4611FB8F2FE9}.Release|x64.Build.0 = Release|Any CPU
		{67EBF531-4A98-49B2-BC51-4611FB8F2FE9}.Release|x86.ActiveCfg = Release|Any CPU
		{67EBF531-4A98-49B2-BC51-4611FB8F2FE9}.Release|x86.Build.0 = Release|Any CPU
		{27E51DE8-7937-43A6-B014-A35A067158FF}.Debug|Any CPU.ActiveCfg = Debug|Any CPU
		{27E51DE8-7937-43A6-B014-A35A067158FF}.Debug|Any CPU.Build.0 = Debug|Any CPU
		{27E51DE8-7937-43A6-B014-A35A067158FF}.Debug|x64.ActiveCfg = Debug|Any CPU
		{27E51DE8-7937-43A6-B014-A35A067158FF}.Debug|x64.Build.0 = Debug|Any CPU
		{27E51DE8-7937-43A6-B014-A35A067158FF}.Debug|x86.ActiveCfg = Debug|Any CPU
		{27E51DE8-7937-43A6-B014-A35A067158FF}.Debug|x86.Build.0 = Debug|Any CPU
		{27E51DE8-7937-43A6-B014-A35A067158FF}.Release|Any CPU.ActiveCfg = Release|Any CPU
		{27E51DE8-7937-43A6-B014-A35A067158FF}.Release|Any CPU.Build.0 = Release|Any CPU
		{27E51DE8-7937-43A6-B014-A35A067158FF}.Release|x64.ActiveCfg = Release|Any CPU
		{27E51DE8-7937-43A6-B014-A35A067158FF}.Release|x64.Build.0 = Release|Any CPU
		{27E51DE8-7937-43A6-B014-A35A067158FF}.Release|x86.ActiveCfg = Release|Any CPU
		{27E51DE8-7937-43A6-B014-A35A067158FF}.Release|x86.Build.0 = Release|Any CPU
		{33A493F6-883D-4CB0-A27F-3B05A5096F33}.Debug|Any CPU.ActiveCfg = Debug|Any CPU
		{33A493F6-883D-4CB0-A27F-3B05A5096F33}.Debug|Any CPU.Build.0 = Debug|Any CPU
		{33A493F6-883D-4CB0-A27F-3B05A5096F33}.Debug|x64.ActiveCfg = Debug|Any CPU
		{33A493F6-883D-4CB0-A27F-3B05A5096F33}.Debug|x64.Build.0 = Debug|Any CPU
		{33A493F6-883D-4CB0-A27F-3B05A5096F33}.Debug|x86.ActiveCfg = Debug|Any CPU
		{33A493F6-883D-4CB0-A27F-3B05A5096F33}.Debug|x86.Build.0 = Debug|Any CPU
		{33A493F6-883D-4CB0-A27F-3B05A5096F33}.Release|Any CPU.ActiveCfg = Release|Any CPU
		{33A493F6-883D-4CB0-A27F-3B05A5096F33}.Release|Any CPU.Build.0 = Release|Any CPU
		{33A493F6-883D-4CB0-A27F-3B05A5096F33}.Release|x64.ActiveCfg = Release|Any CPU
		{33A493F6-883D-4CB0-A27F-3B05A5096F33}.Release|x64.Build.0 = Release|Any CPU
		{33A493F6-883D-4CB0-A27F-3B05A5096F33}.Release|x86.ActiveCfg = Release|Any CPU
		{33A493F6-883D-4CB0-A27F-3B05A5096F33}.Release|x86.Build.0 = Release|Any CPU
		{DBDE15C1-A262-446B-8EA3-51D6CEC54A9D}.Debug|Any CPU.ActiveCfg = Debug|Any CPU
		{DBDE15C1-A262-446B-8EA3-51D6CEC54A9D}.Debug|Any CPU.Build.0 = Debug|Any CPU
		{DBDE15C1-A262-446B-8EA3-51D6CEC54A9D}.Debug|x64.ActiveCfg = Debug|Any CPU
		{DBDE15C1-A262-446B-8EA3-51D6CEC54A9D}.Debug|x64.Build.0 = Debug|Any CPU
		{DBDE15C1-A262-446B-8EA3-51D6CEC54A9D}.Debug|x86.ActiveCfg = Debug|Any CPU
		{DBDE15C1-A262-446B-8EA3-51D6CEC54A9D}.Debug|x86.Build.0 = Debug|Any CPU
		{DBDE15C1-A262-446B-8EA3-51D6CEC54A9D}.Release|Any CPU.ActiveCfg = Release|Any CPU
		{DBDE15C1-A262-446B-8EA3-51D6CEC54A9D}.Release|Any CPU.Build.0 = Release|Any CPU
		{DBDE15C1-A262-446B-8EA3-51D6CEC54A9D}.Release|x64.ActiveCfg = Release|Any CPU
		{DBDE15C1-A262-446B-8EA3-51D6CEC54A9D}.Release|x64.Build.0 = Release|Any CPU
		{DBDE15C1-A262-446B-8EA3-51D6CEC54A9D}.Release|x86.ActiveCfg = Release|Any CPU
		{DBDE15C1-A262-446B-8EA3-51D6CEC54A9D}.Release|x86.Build.0 = Release|Any CPU
		{6A824717-2755-4BDD-A994-CAFE648E8E4E}.Debug|Any CPU.ActiveCfg = Debug|Any CPU
		{6A824717-2755-4BDD-A994-CAFE648E8E4E}.Debug|Any CPU.Build.0 = Debug|Any CPU
		{6A824717-2755-4BDD-A994-CAFE648E8E4E}.Debug|x64.ActiveCfg = Debug|Any CPU
		{6A824717-2755-4BDD-A994-CAFE648E8E4E}.Debug|x64.Build.0 = Debug|Any CPU
		{6A824717-2755-4BDD-A994-CAFE648E8E4E}.Debug|x86.ActiveCfg = Debug|Any CPU
		{6A824717-2755-4BDD-A994-CAFE648E8E4E}.Debug|x86.Build.0 = Debug|Any CPU
		{6A824717-2755-4BDD-A994-CAFE648E8E4E}.Release|Any CPU.ActiveCfg = Release|Any CPU
		{6A824717-2755-4BDD-A994-CAFE648E8E4E}.Release|Any CPU.Build.0 = Release|Any CPU
		{6A824717-2755-4BDD-A994-CAFE648E8E4E}.Release|x64.ActiveCfg = Release|Any CPU
		{6A824717-2755-4BDD-A994-CAFE648E8E4E}.Release|x64.Build.0 = Release|Any CPU
		{6A824717-2755-4BDD-A994-CAFE648E8E4E}.Release|x86.ActiveCfg = Release|Any CPU
		{6A824717-2755-4BDD-A994-CAFE648E8E4E}.Release|x86.Build.0 = Release|Any CPU
	EndGlobalSection
	GlobalSection(NestedProjects) = preSolution
		{113A8DEF-B578-4202-9F83-B63573F07E4A} = {ADEE107D-675A-411E-8056-AE4E3A1D65C1}
		{67EBF531-4A98-49B2-BC51-4611FB8F2FE9} = {ADEE107D-675A-411E-8056-AE4E3A1D65C1}
		{27E51DE8-7937-43A6-B014-A35A067158FF} = {8AAF769A-A294-4ED5-838A-61CDE385802C}
		{33A493F6-883D-4CB0-A27F-3B05A5096F33} = {8AAF769A-A294-4ED5-838A-61CDE385802C}
		{DBDE15C1-A262-446B-8EA3-51D6CEC54A9D} = {4FECB774-17A1-4B44-B6DB-EE14791581B0}
		{6A824717-2755-4BDD-A994-CAFE648E8E4E} = {4FECB774-17A1-4B44-B6DB-EE14791581B0}
	EndGlobalSection
EndGlobal
