
Microsoft Visual Studio Solution File, Format Version 12.00
# Visual Studio 15
VisualStudioVersion = 15.0.26124.0
MinimumVisualStudioVersion = 15.0.26124.0
Project("{FAE04EC0-301F-11D3-BF4B-00C04F79EFBC}") = "Lecture01", "Lecture01\Lecture01.csproj", "{8D7C6395-28D7-4700-8ECF-64C98CF901FF}"
EndProject
Project("{FAE04EC0-301F-11D3-BF4B-00C04F79EFBC}") = "Lecture01.Tests", "Lecture01.Tests\Lecture01.Tests.csproj", "{D1A90DAF-85E5-47EF-B7E1-7C72A21D7159}"
EndProject
Global
	GlobalSection(SolutionConfigurationPlatforms) = preSolution
		Debug|Any CPU = Debug|Any CPU
		Debug|x64 = Debug|x64
		Debug|x86 = Debug|x86
		Release|Any CPU = Release|Any CPU
		Release|x64 = Release|x64
		Release|x86 = Release|x86
	EndGlobalSection
	GlobalSection(SolutionProperties) = preSolution
		HideSolutionNode = FALSE
	EndGlobalSection
	GlobalSection(ProjectConfigurationPlatforms) = postSolution
		{8D7C6395-28D7-4700-8ECF-64C98CF901FF}.Debug|Any CPU.ActiveCfg = Debug|Any CPU
		{8D7C6395-28D7-4700-8ECF-64C98CF901FF}.Debug|Any CPU.Build.0 = Debug|Any CPU
		{8D7C6395-28D7-4700-8ECF-64C98CF901FF}.Debug|x64.ActiveCfg = Debug|Any CPU
		{8D7C6395-28D7-4700-8ECF-64C98CF901FF}.Debug|x64.Build.0 = Debug|Any CPU
		{8D7C6395-28D7-4700-8ECF-64C98CF901FF}.Debug|x86.ActiveCfg = Debug|Any CPU
		{8D7C6395-28D7-4700-8ECF-64C98CF901FF}.Debug|x86.Build.0 = Debug|Any CPU
		{8D7C6395-28D7-4700-8ECF-64C98CF901FF}.Release|Any CPU.ActiveCfg = Release|Any CPU
		{8D7C6395-28D7-4700-8ECF-64C98CF901FF}.Release|Any CPU.Build.0 = Release|Any CPU
		{8D7C6395-28D7-4700-8ECF-64C98CF901FF}.Release|x64.ActiveCfg = Release|Any CPU
		{8D7C6395-28D7-4700-8ECF-64C98CF901FF}.Release|x64.Build.0 = Release|Any CPU
		{8D7C6395-28D7-4700-8ECF-64C98CF901FF}.Release|x86.ActiveCfg = Release|Any CPU
		{8D7C6395-28D7-4700-8ECF-64C98CF901FF}.Release|x86.Build.0 = Release|Any CPU
		{D1A90DAF-85E5-47EF-B7E1-7C72A21D7159}.Debug|Any CPU.ActiveCfg = Debug|Any CPU
		{D1A90DAF-85E5-47EF-B7E1-7C72A21D7159}.Debug|Any CPU.Build.0 = Debug|Any CPU
		{D1A90DAF-85E5-47EF-B7E1-7C72A21D7159}.Debug|x64.ActiveCfg = Debug|Any CPU
		{D1A90DAF-85E5-47EF-B7E1-7C72A21D7159}.Debug|x64.Build.0 = Debug|Any CPU
		{D1A90DAF-85E5-47EF-B7E1-7C72A21D7159}.Debug|x86.ActiveCfg = Debug|Any CPU
		{D1A90DAF-85E5-47EF-B7E1-7C72A21D7159}.Debug|x86.Build.0 = Debug|Any CPU
		{D1A90DAF-85E5-47EF-B7E1-7C72A21D7159}.Release|Any CPU.ActiveCfg = Release|Any CPU
		{D1A90DAF-85E5-47EF-B7E1-7C72A21D7159}.Release|Any CPU.Build.0 = Release|Any CPU
		{D1A90DAF-85E5-47EF-B7E1-7C72A21D7159}.Release|x64.ActiveCfg = Release|Any CPU
		{D1A90DAF-85E5-47EF-B7E1-7C72A21D7159}.Release|x64.Build.0 = Release|Any CPU
		{D1A90DAF-85E5-47EF-B7E1-7C72A21D7159}.Release|x86.ActiveCfg = Release|Any CPU
		{D1A90DAF-85E5-47EF-B7E1-7C72A21D7159}.Release|x86.Build.0 = Release|Any CPU
	EndGlobalSection
EndGlobal
