
Microsoft Visual Studio Solution File, Format Version 12.00
# Visual Studio Version 16
VisualStudioVersion = 16.0.30621.155
MinimumVisualStudioVersion = 15.0.26124.0
Project("{9A19103F-16F7-4668-BE54-9A1E7A4F7556}") = "Lecture11.Shared", "Lecture11.Shared\Lecture11.Shared.csproj", "{4A6530DD-D850-4805-BFD0-D9DA0117C64D}"
EndProject
Project("{FAE04EC0-301F-11D3-BF4B-00C04F79EFBC}") = "Lecture11.MVC", "Lecture11.MVC\Lecture11.MVC.csproj", "{14E8852A-6890-4155-8FEB-492C03CA81DF}"
EndProject
Project("{FAE04EC0-301F-11D3-BF4B-00C04F79EFBC}") = "Lecture11.Blazor", "Lecture11.Blazor\Lecture11.Blazor.csproj", "{852022C3-49E2-464C-A483-80DA79D08A34}"
EndProject
Project("{FAE04EC0-301F-11D3-BF4B-00C04F79EFBC}") = "Lecture11.BlazorB2C", "Lecture11.BlazorB2C\Lecture11.BlazorB2C.csproj", "{E1D9D52E-FDD7-4A9D-A16D-3DD5E7E9720A}"
EndProject
Project("{FAE04EC0-301F-11D3-BF4B-00C04F79EFBC}") = "Lecture11.Api", "Lecture11.Api\Lecture11.Api.csproj", "{AA456E04-6E4F-4D03-B042-373A59B35F0A}"
EndProject
Global
	GlobalSection(SolutionConfigurationPlatforms) = preSolution
		Debug|Any CPU = Debug|Any CPU
		Debug|x64 = Debug|x64
		Debug|x86 = Debug|x86
		Release|Any CPU = Release|Any CPU
		Release|x64 = Release|x64
		Release|x86 = Release|x86
	EndGlobalSection
	GlobalSection(ProjectConfigurationPlatforms) = postSolution
		{4A6530DD-D850-4805-BFD0-D9DA0117C64D}.Debug|Any CPU.ActiveCfg = Debug|Any CPU
		{4A6530DD-D850-4805-BFD0-D9DA0117C64D}.Debug|Any CPU.Build.0 = Debug|Any CPU
		{4A6530DD-D850-4805-BFD0-D9DA0117C64D}.Debug|x64.ActiveCfg = Debug|Any CPU
		{4A6530DD-D850-4805-BFD0-D9DA0117C64D}.Debug|x64.Build.0 = Debug|Any CPU
		{4A6530DD-D850-4805-BFD0-D9DA0117C64D}.Debug|x86.ActiveCfg = Debug|Any CPU
		{4A6530DD-D850-4805-BFD0-D9DA0117C64D}.Debug|x86.Build.0 = Debug|Any CPU
		{4A6530DD-D850-4805-BFD0-D9DA0117C64D}.Release|Any CPU.ActiveCfg = Release|Any CPU
		{4A6530DD-D850-4805-BFD0-D9DA0117C64D}.Release|Any CPU.Build.0 = Release|Any CPU
		{4A6530DD-D850-4805-BFD0-D9DA0117C64D}.Release|x64.ActiveCfg = Release|Any CPU
		{4A6530DD-D850-4805-BFD0-D9DA0117C64D}.Release|x64.Build.0 = Release|Any CPU
		{4A6530DD-D850-4805-BFD0-D9DA0117C64D}.Release|x86.ActiveCfg = Release|Any CPU
		{4A6530DD-D850-4805-BFD0-D9DA0117C64D}.Release|x86.Build.0 = Release|Any CPU
		{14E8852A-6890-4155-8FEB-492C03CA81DF}.Debug|Any CPU.ActiveCfg = Debug|Any CPU
		{14E8852A-6890-4155-8FEB-492C03CA81DF}.Debug|Any CPU.Build.0 = Debug|Any CPU
		{14E8852A-6890-4155-8FEB-492C03CA81DF}.Debug|x64.ActiveCfg = Debug|Any CPU
		{14E8852A-6890-4155-8FEB-492C03CA81DF}.Debug|x64.Build.0 = Debug|Any CPU
		{14E8852A-6890-4155-8FEB-492C03CA81DF}.Debug|x86.ActiveCfg = Debug|Any CPU
		{14E8852A-6890-4155-8FEB-492C03CA81DF}.Debug|x86.Build.0 = Debug|Any CPU
		{14E8852A-6890-4155-8FEB-492C03CA81DF}.Release|Any CPU.ActiveCfg = Release|Any CPU
		{14E8852A-6890-4155-8FEB-492C03CA81DF}.Release|Any CPU.Build.0 = Release|Any CPU
		{14E8852A-6890-4155-8FEB-492C03CA81DF}.Release|x64.ActiveCfg = Release|Any CPU
		{14E8852A-6890-4155-8FEB-492C03CA81DF}.Release|x64.Build.0 = Release|Any CPU
		{14E8852A-6890-4155-8FEB-492C03CA81DF}.Release|x86.ActiveCfg = Release|Any CPU
		{14E8852A-6890-4155-8FEB-492C03CA81DF}.Release|x86.Build.0 = Release|Any CPU
		{852022C3-49E2-464C-A483-80DA79D08A34}.Debug|Any CPU.ActiveCfg = Debug|Any CPU
		{852022C3-49E2-464C-A483-80DA79D08A34}.Debug|Any CPU.Build.0 = Debug|Any CPU
		{852022C3-49E2-464C-A483-80DA79D08A34}.Debug|x64.ActiveCfg = Debug|Any CPU
		{852022C3-49E2-464C-A483-80DA79D08A34}.Debug|x64.Build.0 = Debug|Any CPU
		{852022C3-49E2-464C-A483-80DA79D08A34}.Debug|x86.ActiveCfg = Debug|Any CPU
		{852022C3-49E2-464C-A483-80DA79D08A34}.Debug|x86.Build.0 = Debug|Any CPU
		{852022C3-49E2-464C-A483-80DA79D08A34}.Release|Any CPU.ActiveCfg = Release|Any CPU
		{852022C3-49E2-464C-A483-80DA79D08A34}.Release|Any CPU.Build.0 = Release|Any CPU
		{852022C3-49E2-464C-A483-80DA79D08A34}.Release|x64.ActiveCfg = Release|Any CPU
		{852022C3-49E2-464C-A483-80DA79D08A34}.Release|x64.Build.0 = Release|Any CPU
		{852022C3-49E2-464C-A483-80DA79D08A34}.Release|x86.ActiveCfg = Release|Any CPU
		{852022C3-49E2-464C-A483-80DA79D08A34}.Release|x86.Build.0 = Release|Any CPU
		{E1D9D52E-FDD7-4A9D-A16D-3DD5E7E9720A}.Debug|Any CPU.ActiveCfg = Debug|Any CPU
		{E1D9D52E-FDD7-4A9D-A16D-3DD5E7E9720A}.Debug|Any CPU.Build.0 = Debug|Any CPU
		{E1D9D52E-FDD7-4A9D-A16D-3DD5E7E9720A}.Debug|x64.ActiveCfg = Debug|Any CPU
		{E1D9D52E-FDD7-4A9D-A16D-3DD5E7E9720A}.Debug|x64.Build.0 = Debug|Any CPU
		{E1D9D52E-FDD7-4A9D-A16D-3DD5E7E9720A}.Debug|x86.ActiveCfg = Debug|Any CPU
		{E1D9D52E-FDD7-4A9D-A16D-3DD5E7E9720A}.Debug|x86.Build.0 = Debug|Any CPU
		{E1D9D52E-FDD7-4A9D-A16D-3DD5E7E9720A}.Release|Any CPU.ActiveCfg = Release|Any CPU
		{E1D9D52E-FDD7-4A9D-A16D-3DD5E7E9720A}.Release|Any CPU.Build.0 = Release|Any CPU
		{E1D9D52E-FDD7-4A9D-A16D-3DD5E7E9720A}.Release|x64.ActiveCfg = Release|Any CPU
		{E1D9D52E-FDD7-4A9D-A16D-3DD5E7E9720A}.Release|x64.Build.0 = Release|Any CPU
		{E1D9D52E-FDD7-4A9D-A16D-3DD5E7E9720A}.Release|x86.ActiveCfg = Release|Any CPU
		{E1D9D52E-FDD7-4A9D-A16D-3DD5E7E9720A}.Release|x86.Build.0 = Release|Any CPU
		{AA456E04-6E4F-4D03-B042-373A59B35F0A}.Debug|Any CPU.ActiveCfg = Debug|Any CPU
		{AA456E04-6E4F-4D03-B042-373A59B35F0A}.Debug|Any CPU.Build.0 = Debug|Any CPU
		{AA456E04-6E4F-4D03-B042-373A59B35F0A}.Debug|x64.ActiveCfg = Debug|Any CPU
		{AA456E04-6E4F-4D03-B042-373A59B35F0A}.Debug|x64.Build.0 = Debug|Any CPU
		{AA456E04-6E4F-4D03-B042-373A59B35F0A}.Debug|x86.ActiveCfg = Debug|Any CPU
		{AA456E04-6E4F-4D03-B042-373A59B35F0A}.Debug|x86.Build.0 = Debug|Any CPU
		{AA456E04-6E4F-4D03-B042-373A59B35F0A}.Release|Any CPU.ActiveCfg = Release|Any CPU
		{AA456E04-6E4F-4D03-B042-373A59B35F0A}.Release|Any CPU.Build.0 = Release|Any CPU
		{AA456E04-6E4F-4D03-B042-373A59B35F0A}.Release|x64.ActiveCfg = Release|Any CPU
		{AA456E04-6E4F-4D03-B042-373A59B35F0A}.Release|x64.Build.0 = Release|Any CPU
		{AA456E04-6E4F-4D03-B042-373A59B35F0A}.Release|x86.ActiveCfg = Release|Any CPU
		{AA456E04-6E4F-4D03-B042-373A59B35F0A}.Release|x86.Build.0 = Release|Any CPU
	EndGlobalSection
	GlobalSection(SolutionProperties) = preSolution
		HideSolutionNode = FALSE
	EndGlobalSection
	GlobalSection(ExtensibilityGlobals) = postSolution
		SolutionGuid = {0E8EDDCF-74CB-4602-BE7C-C54BEC7E2A2E}
	EndGlobalSection
EndGlobal
